aiohappyeyeballs==2.7.1
aiohttp==3.14.4
aiosignal==1.4.0
annotated-doc==0.0.5
annotated-types==0.8.0
anyio==4.15.1
APScheduler==3.11.3
attrs==26.1.0
certifi==2026.7.22
charset-normalizer==3.5.2
click==8.5.0
fastapi==0.142.2
frozenlist==1.8.0
h11==0.16.0
httptools==0.8.0
idna==3.20
Jinja2==3.1.6
MarkupSafe==3.0.4
multidict==6.9.1
opentelemetry-api==1.45.0
prometheus_client==0.26.0
propcache==0.5.4
psycopg2-binary==2.9.13
py-tlsh==5.0.0
pydantic==2.13.5
pydantic_core==2.46.5
python-dotenv==1.2.4
PyYAML==6.0.3
redis==8.1.0
requests==2.34.2
SQLAlchemy==2.1.3
starlette==1.7.0
typing-inspection==0.4.4
typing_extensions==4.16.0
tzlocal==5.4.4
urllib3==2.8.0
uvicorn==0.54.0
uvloop==0.23.0
watchfiles==1.3.0
websockets==17.2
yarl==1.25.1
